
Microsoft Visual Studio Solution File, Format Version 12.00
# Visual Studio Version 17
VisualStudioVersion = 17.12.35506.116
MinimumVisualStudioVersion = 10.0.40219.1
Project("{2150E333-8FDC-42A3-9474-1A3956D46DE8}") = "Services", "Services", "{D84AB778-3EEA-42C8-BBCD-9E51A345F1BB}"
EndProject
Project("{2150E333-8FDC-42A3-9474-1A3956D46DE8}") = "Gateway", "Gateway", "{B9542E60-27BA-4435-BC58-5029ED5DB2FB}"
EndProject
Project("{2150E333-8FDC-42A3-9474-1A3956D46DE8}") = "Shared", "Shared", "{7B97F2EF-1752-4E3C-8BD1-B6FD14F33057}"
EndProject
Project("{2150E333-8FDC-42A3-9474-1A3956D46DE8}") = "AuthService", "AuthService", "{EF294130-DB59-4C8F-98F7-BE8E7BC880EE}"
EndProject
Project("{2150E333-8FDC-42A3-9474-1A3956D46DE8}") = "ProductService", "ProductService", "{437C5219-5F09-481F-B63D-27C59ABCB546}"
EndProject
Project("{2150E333-8FDC-42A3-9474-1A3956D46DE8}") = "CRMService", "CRMService", "{9AFEEC44-32E7-428F-B52D-D576FB0589A8}"
EndProject
Project("{FAE04EC0-301F-11D3-BF4B-00C04F79EFBC}") = "AuthService", "AuthService\AuthService.csproj", "{435D8957-A80D-4FC2-8F88-B44FFDCA9499}"
EndProject
Project("{FAE04EC0-301F-11D3-BF4B-00C04F79EFBC}") = "CRMService", "CRMService\CRMService.csproj", "{193E4F6E-8A36-4EC2-B0F6-5E9297F586FF}"
EndProject
Project("{FAE04EC0-301F-11D3-BF4B-00C04F79EFBC}") = "ProductService", "ProductService\ProductService.csproj", "{B4092F6A-05E2-4F2A-8630-0B2CEAE16AC3}"
EndProject
Project("{2150E333-8FDC-42A3-9474-1A3956D46DE8}") = "OcelotGateway", "OcelotGateway", "{AD7E3111-5E2D-4A4A-B336-2787CD0708DC}"
EndProject
Project("{2150E333-8FDC-42A3-9474-1A3956D46DE8}") = "src", "src", "{D594A8ED-646D-41F4-8500-890E69D5F81C}"
	ProjectSection(SolutionItems) = preProject
		docker-compose.yml = docker-compose.yml
		README.md = README.md
	EndProjectSection
EndProject
Project("{2150E333-8FDC-42A3-9474-1A3956D46DE8}") = "UI", "UI", "{F5BC0D47-C80D-4DF9-93F5-1181F7BA0265}"
EndProject
Project("{FAE04EC0-301F-11D3-BF4B-00C04F79EFBC}") = "OcelotGateway", "OcelotGateway\OcelotGateway.csproj", "{AFCB2892-AD6D-4981-B9E4-26A772CE5CBB}"
EndProject
Project("{2150E333-8FDC-42A3-9474-1A3956D46DE8}") = "DocsService", "DocsService", "{94B9896F-44A4-4847-A00A-4B33BE9D6A02}"
EndProject
Project("{FAE04EC0-301F-11D3-BF4B-00C04F79EFBC}") = "DocsService", "DocsService\DocsService.csproj", "{5A244169-C6DB-4019-BB1A-1D7FD5F8155E}"
EndProject
Project("{FAE04EC0-301F-11D3-BF4B-00C04F79EFBC}") = "CommonHealthCheck", "CommonHealthCheck\CommonHealthCheck.csproj", "{46587744-AF30-4A97-AC5B-1FAD2BDB3461}"
EndProject
Project("{FAE04EC0-301F-11D3-BF4B-00C04F79EFBC}") = "AuthService.BLL", "AuthService.BLL\AuthService.BLL.csproj", "{AFC5DB2D-2062-45FA-8F07-28C7D29B1380}"
EndProject
Project("{FAE04EC0-301F-11D3-BF4B-00C04F79EFBC}") = "AuthService.DAL", "AuthService.DAL\AuthService.DAL.csproj", "{A5E646BE-31A6-4295-8988-9D357DC43019}"
EndProject
Project("{FAE04EC0-301F-11D3-BF4B-00C04F79EFBC}") = "AuthService.Entity", "AuthService.Entity\AuthService.Entity.csproj", "{6B686B3A-5A53-468D-802B-EE4E6B662008}"
EndProject
Project("{FAE04EC0-301F-11D3-BF4B-00C04F79EFBC}") = "CRMService.BLL", "CRMService.BLL\CRMService.BLL.csproj", "{F4077E84-FED2-407E-9CFC-0CEDE27BAC02}"
EndProject
Project("{FAE04EC0-301F-11D3-BF4B-00C04F79EFBC}") = "CRMService.DAL", "CRMService.DAL\CRMService.DAL.csproj", "{FCA164EE-4442-4032-A09A-2D4B5C85354C}"
EndProject
Project("{FAE04EC0-301F-11D3-BF4B-00C04F79EFBC}") = "CRMService.Entity", "CRMService.Entity\CRMService.Entity.csproj", "{C42F95FB-1538-4514-BDAD-79FEAEF0C473}"
EndProject
Project("{FAE04EC0-301F-11D3-BF4B-00C04F79EFBC}") = "DocsService.BLL", "DocsService.BLL\DocsService.BLL.csproj", "{AF7320C1-2F42-4373-8864-617D517F4730}"
EndProject
Project("{FAE04EC0-301F-11D3-BF4B-00C04F79EFBC}") = "DocsService.DAL", "DocsService.DAL\DocsService.DAL.csproj", "{953E283E-C23A-46E9-A3B0-489C6E8510FD}"
EndProject
Project("{FAE04EC0-301F-11D3-BF4B-00C04F79EFBC}") = "DocsService.Entity", "DocsService.Entity\DocsService.Entity.csproj", "{9778B8F7-7EA6-48D1-92FF-46EAC55B2681}"
EndProject
Project("{FAE04EC0-301F-11D3-BF4B-00C04F79EFBC}") = "ProductService.BLL", "ProductService.BLL\ProductService.BLL.csproj", "{6F37772A-F6BE-4269-8A19-D50671DE81DF}"
EndProject
Project("{FAE04EC0-301F-11D3-BF4B-00C04F79EFBC}") = "ProductService.DAL", "ProductService.DAL\ProductService.DAL.csproj", "{58D1434C-8E44-4CA4-B165-3244CA248CAF}"
EndProject
Project("{FAE04EC0-301F-11D3-BF4B-00C04F79EFBC}") = "ProductService.Entity", "ProductService.Entity\ProductService.Entity.csproj", "{19EE3D0B-AAB0-427D-8D97-54AE765DE2A3}"
EndProject
Project("{FAE04EC0-301F-11D3-BF4B-00C04F79EFBC}") = "JwtAuthentication", "JwtAuthentication\JwtAuthentication.csproj", "{F7EF6B68-F97D-439C-B15E-4D1C14B41F9D}"
EndProject
Project("{54A90642-561A-4BB1-A94E-469ADEE60C69}") = "microservice-app", "microservice-app\microservice-app.esproj", "{FA2041F5-6188-478D-9E60-1A667AD2FCB0}"
EndProject
Global
	GlobalSection(SolutionConfigurationPlatforms) = preSolution
		Debug|Any CPU = Debug|Any CPU
		Release|Any CPU = Release|Any CPU
	EndGlobalSection
	GlobalSection(ProjectConfigurationPlatforms) = postSolution
		{435D8957-A80D-4FC2-8F88-B44FFDCA9499}.Debug|Any CPU.ActiveCfg = Debug|Any CPU
		{435D8957-A80D-4FC2-8F88-B44FFDCA9499}.Debug|Any CPU.Build.0 = Debug|Any CPU
		{435D8957-A80D-4FC2-8F88-B44FFDCA9499}.Release|Any CPU.ActiveCfg = Release|Any CPU
		{435D8957-A80D-4FC2-8F88-B44FFDCA9499}.Release|Any CPU.Build.0 = Release|Any CPU
		{193E4F6E-8A36-4EC2-B0F6-5E9297F586FF}.Debug|Any CPU.ActiveCfg = Debug|Any CPU
		{193E4F6E-8A36-4EC2-B0F6-5E9297F586FF}.Debug|Any CPU.Build.0 = Debug|Any CPU
		{193E4F6E-8A36-4EC2-B0F6-5E9297F586FF}.Release|Any CPU.ActiveCfg = Release|Any CPU
		{193E4F6E-8A36-4EC2-B0F6-5E9297F586FF}.Release|Any CPU.Build.0 = Release|Any CPU
		{B4092F6A-05E2-4F2A-8630-0B2CEAE16AC3}.Debug|Any CPU.ActiveCfg = Debug|Any CPU
		{B4092F6A-05E2-4F2A-8630-0B2CEAE16AC3}.Debug|Any CPU.Build.0 = Debug|Any CPU
		{B4092F6A-05E2-4F2A-8630-0B2CEAE16AC3}.Release|Any CPU.ActiveCfg = Release|Any CPU
		{B4092F6A-05E2-4F2A-8630-0B2CEAE16AC3}.Release|Any CPU.Build.0 = Release|Any CPU
		{AFCB2892-AD6D-4981-B9E4-26A772CE5CBB}.Debug|Any CPU.ActiveCfg = Debug|Any CPU
		{AFCB2892-AD6D-4981-B9E4-26A772CE5CBB}.Debug|Any CPU.Build.0 = Debug|Any CPU
		{AFCB2892-AD6D-4981-B9E4-26A772CE5CBB}.Release|Any CPU.ActiveCfg = Release|Any CPU
		{AFCB2892-AD6D-4981-B9E4-26A772CE5CBB}.Release|Any CPU.Build.0 = Release|Any CPU
		{5A244169-C6DB-4019-BB1A-1D7FD5F8155E}.Debug|Any CPU.ActiveCfg = Debug|Any CPU
		{5A244169-C6DB-4019-BB1A-1D7FD5F8155E}.Debug|Any CPU.Build.0 = Debug|Any CPU
		{5A244169-C6DB-4019-BB1A-1D7FD5F8155E}.Release|Any CPU.ActiveCfg = Release|Any CPU
		{5A244169-C6DB-4019-BB1A-1D7FD5F8155E}.Release|Any CPU.Build.0 = Release|Any CPU
		{46587744-AF30-4A97-AC5B-1FAD2BDB3461}.Debug|Any CPU.ActiveCfg = Debug|Any CPU
		{46587744-AF30-4A97-AC5B-1FAD2BDB3461}.Debug|Any CPU.Build.0 = Debug|Any CPU
		{46587744-AF30-4A97-AC5B-1FAD2BDB3461}.Release|Any CPU.ActiveCfg = Release|Any CPU
		{46587744-AF30-4A97-AC5B-1FAD2BDB3461}.Release|Any CPU.Build.0 = Release|Any CPU
		{AFC5DB2D-2062-45FA-8F07-28C7D29B1380}.Debug|Any CPU.ActiveCfg = Debug|Any CPU
		{AFC5DB2D-2062-45FA-8F07-28C7D29B1380}.Debug|Any CPU.Build.0 = Debug|Any CPU
		{AFC5DB2D-2062-45FA-8F07-28C7D29B1380}.Release|Any CPU.ActiveCfg = Release|Any CPU
		{AFC5DB2D-2062-45FA-8F07-28C7D29B1380}.Release|Any CPU.Build.0 = Release|Any CPU
		{A5E646BE-31A6-4295-8988-9D357DC43019}.Debug|Any CPU.ActiveCfg = Debug|Any CPU
		{A5E646BE-31A6-4295-8988-9D357DC43019}.Debug|Any CPU.Build.0 = Debug|Any CPU
		{A5E646BE-31A6-4295-8988-9D357DC43019}.Release|Any CPU.ActiveCfg = Release|Any CPU
		{A5E646BE-31A6-4295-8988-9D357DC43019}.Release|Any CPU.Build.0 = Release|Any CPU
		{6B686B3A-5A53-468D-802B-EE4E6B662008}.Debug|Any CPU.ActiveCfg = Debug|Any CPU
		{6B686B3A-5A53-468D-802B-EE4E6B662008}.Debug|Any CPU.Build.0 = Debug|Any CPU
		{6B686B3A-5A53-468D-802B-EE4E6B662008}.Release|Any CPU.ActiveCfg = Release|Any CPU
		{6B686B3A-5A53-468D-802B-EE4E6B662008}.Release|Any CPU.Build.0 = Release|Any CPU
		{F4077E84-FED2-407E-9CFC-0CEDE27BAC02}.Debug|Any CPU.ActiveCfg = Debug|Any CPU
		{F4077E84-FED2-407E-9CFC-0CEDE27BAC02}.Debug|Any CPU.Build.0 = Debug|Any CPU
		{F4077E84-FED2-407E-9CFC-0CEDE27BAC02}.Release|Any CPU.ActiveCfg = Release|Any CPU
		{F4077E84-FED2-407E-9CFC-0CEDE27BAC02}.Release|Any CPU.Build.0 = Release|Any CPU
		{FCA164EE-4442-4032-A09A-2D4B5C85354C}.Debug|Any CPU.ActiveCfg = Debug|Any CPU
		{FCA164EE-4442-4032-A09A-2D4B5C85354C}.Debug|Any CPU.Build.0 = Debug|Any CPU
		{FCA164EE-4442-4032-A09A-2D4B5C85354C}.Release|Any CPU.ActiveCfg = Release|Any CPU
		{FCA164EE-4442-4032-A09A-2D4B5C85354C}.Release|Any CPU.Build.0 = Release|Any CPU
		{C42F95FB-1538-4514-BDAD-79FEAEF0C473}.Debug|Any CPU.ActiveCfg = Debug|Any CPU
		{C42F95FB-1538-4514-BDAD-79FEAEF0C473}.Debug|Any CPU.Build.0 = Debug|Any CPU
		{C42F95FB-1538-4514-BDAD-79FEAEF0C473}.Release|Any CPU.ActiveCfg = Release|Any CPU
		{C42F95FB-1538-4514-BDAD-79FEAEF0C473}.Release|Any CPU.Build.0 = Release|Any CPU
		{AF7320C1-2F42-4373-8864-617D517F4730}.Debug|Any CPU.ActiveCfg = Debug|Any CPU
		{AF7320C1-2F42-4373-8864-617D517F4730}.Debug|Any CPU.Build.0 = Debug|Any CPU
		{AF7320C1-2F42-4373-8864-617D517F4730}.Release|Any CPU.ActiveCfg = Release|Any CPU
		{AF7320C1-2F42-4373-8864-617D517F4730}.Release|Any CPU.Build.0 = Release|Any CPU
		{953E283E-C23A-46E9-A3B0-489C6E8510FD}.Debug|Any CPU.ActiveCfg = Debug|Any CPU
		{953E283E-C23A-46E9-A3B0-489C6E8510FD}.Debug|Any CPU.Build.0 = Debug|Any CPU
		{953E283E-C23A-46E9-A3B0-489C6E8510FD}.Release|Any CPU.ActiveCfg = Release|Any CPU
		{953E283E-C23A-46E9-A3B0-489C6E8510FD}.Release|Any CPU.Build.0 = Release|Any CPU
		{9778B8F7-7EA6-48D1-92FF-46EAC55B2681}.Debug|Any CPU.ActiveCfg = Debug|Any CPU
		{9778B8F7-7EA6-48D1-92FF-46EAC55B2681}.Debug|Any CPU.Build.0 = Debug|Any CPU
		{9778B8F7-7EA6-48D1-92FF-46EAC55B2681}.Release|Any CPU.ActiveCfg = Release|Any CPU
		{9778B8F7-7EA6-48D1-92FF-46EAC55B2681}.Release|Any CPU.Build.0 = Release|Any CPU
		{6F37772A-F6BE-4269-8A19-D50671DE81DF}.Debug|Any CPU.ActiveCfg = Debug|Any CPU
		{6F37772A-F6BE-4269-8A19-D50671DE81DF}.Debug|Any CPU.Build.0 = Debug|Any CPU
		{6F37772A-F6BE-4269-8A19-D50671DE81DF}.Release|Any CPU.ActiveCfg = Release|Any CPU
		{6F37772A-F6BE-4269-8A19-D50671DE81DF}.Release|Any CPU.Build.0 = Release|Any CPU
		{58D1434C-8E44-4CA4-B165-3244CA248CAF}.Debug|Any CPU.ActiveCfg = Debug|Any CPU
		{58D1434C-8E44-4CA4-B165-3244CA248CAF}.Debug|Any CPU.Build.0 = Debug|Any CPU
		{58D1434C-8E44-4CA4-B165-3244CA248CAF}.Release|Any CPU.ActiveCfg = Release|Any CPU
		{58D1434C-8E44-4CA4-B165-3244CA248CAF}.Release|Any CPU.Build.0 = Release|Any CPU
		{19EE3D0B-AAB0-427D-8D97-54AE765DE2A3}.Debug|Any CPU.ActiveCfg = Debug|Any CPU
		{19EE3D0B-AAB0-427D-8D97-54AE765DE2A3}.Debug|Any CPU.Build.0 = Debug|Any CPU
		{19EE3D0B-AAB0-427D-8D97-54AE765DE2A3}.Release|Any CPU.ActiveCfg = Release|Any CPU
		{19EE3D0B-AAB0-427D-8D97-54AE765DE2A3}.Release|Any CPU.Build.0 = Release|Any CPU
		{F7EF6B68-F97D-439C-B15E-4D1C14B41F9D}.Debug|Any CPU.ActiveCfg = Debug|Any CPU
		{F7EF6B68-F97D-439C-B15E-4D1C14B41F9D}.Debug|Any CPU.Build.0 = Debug|Any CPU
		{F7EF6B68-F97D-439C-B15E-4D1C14B41F9D}.Release|Any CPU.ActiveCfg = Release|Any CPU
		{F7EF6B68-F97D-439C-B15E-4D1C14B41F9D}.Release|Any CPU.Build.0 = Release|Any CPU
		{FA2041F5-6188-478D-9E60-1A667AD2FCB0}.Debug|Any CPU.ActiveCfg = Debug|Any CPU
		{FA2041F5-6188-478D-9E60-1A667AD2FCB0}.Debug|Any CPU.Build.0 = Debug|Any CPU
		{FA2041F5-6188-478D-9E60-1A667AD2FCB0}.Debug|Any CPU.Deploy.0 = Debug|Any CPU
		{FA2041F5-6188-478D-9E60-1A667AD2FCB0}.Release|Any CPU.ActiveCfg = Release|Any CPU
		{FA2041F5-6188-478D-9E60-1A667AD2FCB0}.Release|Any CPU.Build.0 = Release|Any CPU
		{FA2041F5-6188-478D-9E60-1A667AD2FCB0}.Release|Any CPU.Deploy.0 = Release|Any CPU
	EndGlobalSection
	GlobalSection(SolutionProperties) = preSolution
		HideSolutionNode = FALSE
	EndGlobalSection
	GlobalSection(NestedProjects) = preSolution
		{D84AB778-3EEA-42C8-BBCD-9E51A345F1BB} = {D594A8ED-646D-41F4-8500-890E69D5F81C}
		{B9542E60-27BA-4435-BC58-5029ED5DB2FB} = {D594A8ED-646D-41F4-8500-890E69D5F81C}
		{7B97F2EF-1752-4E3C-8BD1-B6FD14F33057} = {D594A8ED-646D-41F4-8500-890E69D5F81C}
		{EF294130-DB59-4C8F-98F7-BE8E7BC880EE} = {D84AB778-3EEA-42C8-BBCD-9E51A345F1BB}
		{437C5219-5F09-481F-B63D-27C59ABCB546} = {D84AB778-3EEA-42C8-BBCD-9E51A345F1BB}
		{9AFEEC44-32E7-428F-B52D-D576FB0589A8} = {D84AB778-3EEA-42C8-BBCD-9E51A345F1BB}
		{435D8957-A80D-4FC2-8F88-B44FFDCA9499} = {EF294130-DB59-4C8F-98F7-BE8E7BC880EE}
		{193E4F6E-8A36-4EC2-B0F6-5E9297F586FF} = {9AFEEC44-32E7-428F-B52D-D576FB0589A8}
		{B4092F6A-05E2-4F2A-8630-0B2CEAE16AC3} = {437C5219-5F09-481F-B63D-27C59ABCB546}
		{AD7E3111-5E2D-4A4A-B336-2787CD0708DC} = {B9542E60-27BA-4435-BC58-5029ED5DB2FB}
		{F5BC0D47-C80D-4DF9-93F5-1181F7BA0265} = {D594A8ED-646D-41F4-8500-890E69D5F81C}
		{AFCB2892-AD6D-4981-B9E4-26A772CE5CBB} = {AD7E3111-5E2D-4A4A-B336-2787CD0708DC}
		{94B9896F-44A4-4847-A00A-4B33BE9D6A02} = {D84AB778-3EEA-42C8-BBCD-9E51A345F1BB}
		{5A244169-C6DB-4019-BB1A-1D7FD5F8155E} = {94B9896F-44A4-4847-A00A-4B33BE9D6A02}
		{46587744-AF30-4A97-AC5B-1FAD2BDB3461} = {7B97F2EF-1752-4E3C-8BD1-B6FD14F33057}
		{AFC5DB2D-2062-45FA-8F07-28C7D29B1380} = {EF294130-DB59-4C8F-98F7-BE8E7BC880EE}
		{A5E646BE-31A6-4295-8988-9D357DC43019} = {EF294130-DB59-4C8F-98F7-BE8E7BC880EE}
		{6B686B3A-5A53-468D-802B-EE4E6B662008} = {EF294130-DB59-4C8F-98F7-BE8E7BC880EE}
		{F4077E84-FED2-407E-9CFC-0CEDE27BAC02} = {9AFEEC44-32E7-428F-B52D-D576FB0589A8}
		{FCA164EE-4442-4032-A09A-2D4B5C85354C} = {9AFEEC44-32E7-428F-B52D-D576FB0589A8}
		{C42F95FB-1538-4514-BDAD-79FEAEF0C473} = {9AFEEC44-32E7-428F-B52D-D576FB0589A8}
		{AF7320C1-2F42-4373-8864-617D517F4730} = {94B9896F-44A4-4847-A00A-4B33BE9D6A02}
		{953E283E-C23A-46E9-A3B0-489C6E8510FD} = {94B9896F-44A4-4847-A00A-4B33BE9D6A02}
		{9778B8F7-7EA6-48D1-92FF-46EAC55B2681} = {94B9896F-44A4-4847-A00A-4B33BE9D6A02}
		{6F37772A-F6BE-4269-8A19-D50671DE81DF} = {437C5219-5F09-481F-B63D-27C59ABCB546}
		{58D1434C-8E44-4CA4-B165-3244CA248CAF} = {437C5219-5F09-481F-B63D-27C59ABCB546}
		{19EE3D0B-AAB0-427D-8D97-54AE765DE2A3} = {437C5219-5F09-481F-B63D-27C59ABCB546}
		{F7EF6B68-F97D-439C-B15E-4D1C14B41F9D} = {7B97F2EF-1752-4E3C-8BD1-B6FD14F33057}
		{FA2041F5-6188-478D-9E60-1A667AD2FCB0} = {F5BC0D47-C80D-4DF9-93F5-1181F7BA0265}
	EndGlobalSection
EndGlobal
